
Microsoft Visual Studio Solution File, Format Version 12.00
# Visual Studio 15
VisualStudioVersion = 15.0.28307.489
MinimumVisualStudioVersion = 10.0.40219.1
Project("{FAE04EC0-301F-11D3-BF4B-00C04F79EFBC}") = "MultithreadingArchiver", "MultithreadingArchiver\MultithreadingArchiver.csproj", "{65DC1918-07AC-4DB2-8EBA-7F98F28F704D}"
EndProject
Global
	GlobalSection(SolutionConfigurationPlatforms) = preSolution
		Debug|Any CPU = Debug|Any CPU
		Release|Any CPU = Release|Any CPU
	EndGlobalSection
	GlobalSection(ProjectConfigurationPlatforms) = postSolution
		{65DC1918-07AC-4DB2-8EBA-7F98F28F704D}.Debug|Any CPU.ActiveCfg = Debug|Any CPU
		{65DC1918-07AC-4DB2-8EBA-7F98F28F704D}.Debug|Any CPU.Build.0 = Debug|Any CPU
		{65DC1918-07AC-4DB2-8EBA-7F98F28F704D}.Release|Any CPU.ActiveCfg = Release|Any CPU
		{65DC1918-07AC-4DB2-8EBA-7F98F28F704D}.Release|Any CPU.Build.0 = Release|Any CPU
	EndGlobalSection
	GlobalSection(SolutionProperties) = preSolution
		HideSolutionNode = FALSE
	EndGlobalSection
	GlobalSection(ExtensibilityGlobals) = postSolution
		SolutionGuid = {9830D61F-96A4-44D3-932A-70BEF3FD8F26}
	EndGlobalSection
EndGlobal
